
Microsoft Visual Studio Solution File, Format Version 12.00
# Visual Studio Version 16
VisualStudioVersion = 16.0.34407.143
MinimumVisualStudioVersion = 10.0.40219.1
Project("{8BC9CEB8-8B4A-11D0-8D11-00A0C91BC942}") = "Sandbox", "Sandbox\Sandbox.vcxproj", "{A606AD41-E3D2-4F28-9A2A-D91BFE54F0F9}"
EndProject
Project("{8BC9CEB8-8B4A-11D0-8D11-00A0C91BC942}") = "GameEngine", "GameEngine\GameEngine.vcxproj", "{886CD013-F81F-4C15-A38E-C5CC10FEA764}"
EndProject
Global
	GlobalSection(SolutionConfigurationPlatforms) = preSolution
		Debug|x64 = Debug|x64
		Release|x64 = Release|x64
	EndGlobalSection
	GlobalSection(ProjectConfigurationPlatforms) = postSolution
		{886CD013-F81F-4C15-A38E-C5CC10FEA764}.Debug|x64.ActiveCfg = Debug|x64
		{886CD013-F81F-4C15-A38E-C5CC10FEA764}.Debug|x64.Build.0 = Debug|x64
		{886CD013-F81F-4C15-A38E-C5CC10FEA764}.Release|x64.ActiveCfg = Release|x64
		{886CD013-F81F-4C15-A38E-C5CC10FEA764}.Release|x64.Build.0 = Release|x64
		{A606AD41-E3D2-4F28-9A2A-D91BFE54F0F9}.Debug|x64.ActiveCfg = Debug|x64
		{A606AD41-E3D2-4F28-9A2A-D91BFE54F0F9}.Debug|x64.Build.0 = Debug|x64
		{A606AD41-E3D2-4F28-9A2A-D91BFE54F0F9}.Release|x64.ActiveCfg = Release|x64
		{A606AD41-E3D2-4F28-9A2A-D91BFE54F0F9}.Release|x64.Build.0 = Release|x64
	EndGlobalSection
	GlobalSection(SolutionProperties) = preSolution
		HideSolutionNode = FALSE
	EndGlobalSection
	GlobalSection(ExtensibilityGlobals) = postSolution
		SolutionGuid = {151626AB-5F82-45F3-8494-3EAD4807B410}
	EndGlobalSection
EndGlobal
